{
  "name": "lianhuan",
  "version": "0.1.0",
  "lockfileVersion": 3,
  "requires": true,
  "packages": {
    "": {
      "name": "lianhuan",
      "version": "0.1.0",
      "license": "AGPL-3.0-only",
      "workspaces": [
        "blocks",
        "apps/showcase"
      ]
    },
    "apps/showcase": {
      "name": "lianhuan-showcase",
      "version": "0.1.0",
      "license": "MIT"
    },
    "blocks": {
      "name": "lianhuan-blocks",
      "version": "0.1.0",
      "license": "MIT"
    },
    "node_modules/lianhuan-blocks": {
      "resolved": "blocks",
      "link": true
    },
    "node_modules/lianhuan-showcase": {
      "resolved": "apps/showcase",
      "link": true
    }
  }
}
